// !$*UTF8*$!
{
	archiveVersion = 1;
	classes = {
	};
	objectVersion = 46;
	objects = {

/* Begin PBXBuildFile section */
		898020913409D7CEF3994322 /* Pods_UnitConverter.framework in Frameworks */ = {isa = PBXBuildFile; fileRef = 663422FDAEE3BAF27E9FAFF5 /* Pods_UnitConverter.framework */; };
		A124906B1E17681C0063C6F7 /* CurrencyTableViewCell.swift in Sources */ = {isa = PBXBuildFile; fileRef = A12490691E17681C0063C6F7 /* CurrencyTableViewCell.swift */; };
		A124906C1E17681C0063C6F7 /* CurrencyViewController.swift in Sources */ = {isa = PBXBuildFile; fileRef = A124906A1E17681C0063C6F7 /* CurrencyViewController.swift */; };
		A160F0431E14CBB6008C3202 /* ChooseUnitTableViewController.swift in Sources */ = {isa = PBXBuildFile; fileRef = A160F0411E14CBB6008C3202 /* ChooseUnitTableViewController.swift */; };
		A1791E141E16395400A70F45 /* UnitTableViewCell.swift in Sources */ = {isa = PBXBuildFile; fileRef = A1791E121E16395400A70F45 /* UnitTableViewCell.swift */; };
		A18CE8071E14AFF100F17891 /* AppDelegate.swift in Sources */ = {isa = PBXBuildFile; fileRef = A18CE8061E14AFF100F17891 /* AppDelegate.swift */; };
		A18CE80E1E14AFF100F17891 /* Main.storyboard in Resources */ = {isa = PBXBuildFile; fileRef = A18CE80C1E14AFF100F17891 /* Main.storyboard */; };
		A18CE8101E14AFF100F17891 /* Assets.xcassets in Resources */ = {isa = PBXBuildFile; fileRef = A18CE80F1E14AFF100F17891 /* Assets.xcassets */; };
		A18CE8131E14AFF100F17891 /* LaunchScreen.storyboard in Resources */ = {isa = PBXBuildFile; fileRef = A18CE8111E14AFF100F17891 /* LaunchScreen.storyboard */; };
		A18CE81E1E14AFF100F17891 /* UnitConverterTests.swift in Sources */ = {isa = PBXBuildFile; fileRef = A18CE81D1E14AFF100F17891 /* UnitConverterTests.swift */; };
		A18CE8291E14AFF100F17891 /* UnitConverterUITests.swift in Sources */ = {isa = PBXBuildFile; fileRef = A18CE8281E14AFF100F17891 /* UnitConverterUITests.swift */; };
		A18CE8381E14B11F00F17891 /* UnitTableViewController.swift in Sources */ = {isa = PBXBuildFile; fileRef = A18CE8361E14B11F00F17891 /* UnitTableViewController.swift */; };
		A1FB02341E1643480076CD3E /* GoogleService-Info.plist in Resources */ = {isa = PBXBuildFile; fileRef = A1FB02331E1643480076CD3E /* GoogleService-Info.plist */; };
/* End PBXBuildFile section */

/* Begin PBXContainerItemProxy section */
		A18CE81A1E14AFF100F17891 /* PBXContainerItemProxy */ = {
			isa = PBXContainerItemProxy;
			containerPortal = A18CE7FB1E14AFF100F17891 /* Project object */;
			proxyType = 1;
			remoteGlobalIDString = A18CE8021E14AFF100F17891;
			remoteInfo = UnitConverter;
		};
		A18CE8251E14AFF100F17891 /* PBXContainerItemProxy */ = {
			isa = PBXContainerItemProxy;
			containerPortal = A18CE7FB1E14AFF100F17891 /* Project object */;
			proxyType = 1;
			remoteGlobalIDString = A18CE8021E14AFF100F17891;
			remoteInfo = UnitConverter;
		};
/* End PBXContainerItemProxy section */

/* Begin PBXFileReference section */
		02EA252EAEE8441F8327B23F /* Pods-UnitConverter.debug.xcconfig */ = {isa = PBXFileReference; includeInIndex = 1; lastKnownFileType = text.xcconfig; name = "Pods-UnitConverter.debug.xcconfig"; path = "Pods/Target Support Files/Pods-UnitConverter/Pods-UnitConverter.debug.xcconfig"; sourceTree = "<group>"; };
		6255A8D206782A3FCB718D73 /* Pods-UnitConverter.release.xcconfig */ = {isa = PBXFileReference; includeInIndex = 1; lastKnownFileType = text.xcconfig; name = "Pods-UnitConverter.release.xcconfig"; path = "Pods/Target Support Files/Pods-UnitConverter/Pods-UnitConverter.release.xcconfig"; sourceTree = "<group>"; };
		663422FDAEE3BAF27E9FAFF5 /* Pods_UnitConverter.framework */ = {isa = PBXFileReference; explicitFileType = wrapper.framework; includeInIndex = 0; path = Pods_UnitConverter.framework; sourceTree = BUILT_PRODUCTS_DIR; };
		A12490691E17681C0063C6F7 /* CurrencyTableViewCell.swift */ = {isa = PBXFileReference; fileEncoding = 4; lastKnownFileType = sourcecode.swift; path = CurrencyTableViewCell.swift; sourceTree = "<group>"; };
		A124906A1E17681C0063C6F7 /* CurrencyViewController.swift */ = {isa = PBXFileReference; fileEncoding = 4; lastKnownFileType = sourcecode.swift; path = CurrencyViewController.swift; sourceTree = "<group>"; };
		A160F0411E14CBB6008C3202 /* ChooseUnitTableViewController.swift */ = {isa = PBXFileReference; fileEncoding = 4; lastKnownFileType = sourcecode.swift; path = ChooseUnitTableViewController.swift; sourceTree = "<group>"; };
		A1791E121E16395400A70F45 /* UnitTableViewCell.swift */ = {isa = PBXFileReference; fileEncoding = 4; lastKnownFileType = sourcecode.swift; path = UnitTableViewCell.swift; sourceTree = "<group>"; };
		A18CE8031E14AFF100F17891 /* UnitConverter.app */ = {isa = PBXFileReference; explicitFileType = wrapper.application; includeInIndex = 0; path = UnitConverter.app; sourceTree = BUILT_PRODUCTS_DIR; };
		A18CE8061E14AFF100F17891 /* AppDelegate.swift */ = {isa = PBXFileReference; lastKnownFileType = sourcecode.swift; path = AppDelegate.swift; sourceTree = "<group>"; };
		A18CE80D1E14AFF100F17891 /* Base */ = {isa = PBXFileReference; lastKnownFileType = file.storyboard; name = Base; path = Base.lproj/Main.storyboard; sourceTree = "<group>"; };
		A18CE80F1E14AFF100F17891 /* Assets.xcassets */ = {isa = PBXFileReference; lastKnownFileType = folder.assetcatalog; path = Assets.xcassets; sourceTree = "<group>"; };
		A18CE8121E14AFF100F17891 /* Base */ = {isa = PBXFileReference; lastKnownFileType = file.storyboard; name = Base; path = Base.lproj/LaunchScreen.storyboard; sourceTree = "<group>"; };
		A18CE8141E14AFF100F17891 /* Info.plist */ = {isa = PBXFileReference; lastKnownFileType = text.plist.xml; path = Info.plist; sourceTree = "<group>"; };
		A18CE8191E14AFF100F17891 /* UnitConverterTests.xctest */ = {isa = PBXFileReference; explicitFileType = wrapper.cfbundle; includeInIndex = 0; path = UnitConverterTests.xctest; sourceTree = BUILT_PRODUCTS_DIR; };
		A18CE81D1E14AFF100F17891 /* UnitConverterTests.swift */ = {isa = PBXFileReference; lastKnownFileType = sourcecode.swift; path = UnitConverterTests.swift; sourceTree = "<group>"; };
		A18CE81F1E14AFF100F17891 /* Info.plist */ = {isa = PBXFileReference; lastKnownFileType = text.plist.xml; path = Info.plist; sourceTree = "<group>"; };
		A18CE8241E14AFF100F17891 /* UnitConverterUITests.xctest */ = {isa = PBXFileReference; explicitFileType = wrapper.cfbundle; includeInIndex = 0; path = UnitConverterUITests.xctest; sourceTree = BUILT_PRODUCTS_DIR; };
		A18CE8281E14AFF100F17891 /* UnitConverterUITests.swift */ = {isa = PBXFileReference; lastKnownFileType = sourcecode.swift; path = UnitConverterUITests.swift; sourceTree = "<group>"; };
		A18CE82A1E14AFF100F17891 /* Info.plist */ = {isa = PBXFileReference; lastKnownFileType = text.plist.xml; path = Info.plist; sourceTree = "<group>"; };
		A18CE8361E14B11F00F17891 /* UnitTableViewController.swift */ = {isa = PBXFileReference; fileEncoding = 4; lastKnownFileType = sourcecode.swift; path = UnitTableViewController.swift; sourceTree = "<group>"; };
		A1FB02331E1643480076CD3E /* GoogleService-Info.plist */ = {isa = PBXFileReference; fileEncoding = 4; lastKnownFileType = text.plist.xml; path = "GoogleService-Info.plist"; sourceTree = "<group>"; };
/* End PBXFileReference section */

/* Begin PBXFrameworksBuildPhase section */
		A18CE8001E14AFF100F17891 /* Frameworks */ = {
			isa = PBXFrameworksBuildPhase;
			buildActionMask = 2147483647;
			files = (
				898020913409D7CEF3994322 /* Pods_UnitConverter.framework in Frameworks */,
			);
			runOnlyForDeploymentPostprocessing = 0;
		};
		A18CE8161E14AFF100F17891 /* Frameworks */ = {
			isa = PBXFrameworksBuildPhase;
			buildActionMask = 2147483647;
			files = (
			);
			runOnlyForDeploymentPostprocessing = 0;
		};
		A18CE8211E14AFF100F17891 /* Frameworks */ = {
			isa = PBXFrameworksBuildPhase;
			buildActionMask = 2147483647;
			files = (
			);
			runOnlyForDeploymentPostprocessing = 0;
		};
/* End PBXFrameworksBuildPhase section */

/* Begin PBXGroup section */
		30D6AC03C9BDFCA91E9E3277 /* Pods */ = {
			isa = PBXGroup;
			children = (
				02EA252EAEE8441F8327B23F /* Pods-UnitConverter.debug.xcconfig */,
				6255A8D206782A3FCB718D73 /* Pods-UnitConverter.release.xcconfig */,
			);
			name = Pods;
			sourceTree = "<group>";
		};
		5927078D9CA5954A3A8566EF /* Frameworks */ = {
			isa = PBXGroup;
			children = (
				663422FDAEE3BAF27E9FAFF5 /* Pods_UnitConverter.framework */,
			);
			name = Frameworks;
			sourceTree = "<group>";
		};
		A18CE7FA1E14AFF100F17891 = {
			isa = PBXGroup;
			children = (
				A18CE8051E14AFF100F17891 /* UnitConverter */,
				A18CE81C1E14AFF100F17891 /* UnitConverterTests */,
				A18CE8271E14AFF100F17891 /* UnitConverterUITests */,
				A18CE8041E14AFF100F17891 /* Products */,
				30D6AC03C9BDFCA91E9E3277 /* Pods */,
				5927078D9CA5954A3A8566EF /* Frameworks */,
			);
			sourceTree = "<group>";
		};
		A18CE8041E14AFF100F17891 /* Products */ = {
			isa = PBXGroup;
			children = (
				A18CE8031E14AFF100F17891 /* UnitConverter.app */,
				A18CE8191E14AFF100F17891 /* UnitConverterTests.xctest */,
				A18CE8241E14AFF100F17891 /* UnitConverterUITests.xctest */,
			);
			name = Products;
			sourceTree = "<group>";
		};
		A18CE8051E14AFF100F17891 /* UnitConverter */ = {
			isa = PBXGroup;
			children = (
				A18CE80F1E14AFF100F17891 /* Assets.xcassets */,
				A18CE8061E14AFF100F17891 /* AppDelegate.swift */,
				A18CE80C1E14AFF100F17891 /* Main.storyboard */,
				A18CE8111E14AFF100F17891 /* LaunchScreen.storyboard */,
				A18CE8361E14B11F00F17891 /* UnitTableViewController.swift */,
				A1791E121E16395400A70F45 /* UnitTableViewCell.swift */,
				A160F0411E14CBB6008C3202 /* ChooseUnitTableViewController.swift */,
				A124906A1E17681C0063C6F7 /* CurrencyViewController.swift */,
				A12490691E17681C0063C6F7 /* CurrencyTableViewCell.swift */,
				A18CE8141E14AFF100F17891 /* Info.plist */,
				A1FB02331E1643480076CD3E /* GoogleService-Info.plist */,
			);
			path = UnitConverter;
			sourceTree = "<group>";
		};
		A18CE81C1E14AFF100F17891 /* UnitConverterTests */ = {
			isa = PBXGroup;
			children = (
				A18CE81D1E14AFF100F17891 /* UnitConverterTests.swift */,
				A18CE81F1E14AFF100F17891 /* Info.plist */,
			);
			path = UnitConverterTests;
			sourceTree = "<group>";
		};
		A18CE8271E14AFF100F17891 /* UnitConverterUITests */ = {
			isa = PBXGroup;
			children = (
				A18CE8281E14AFF100F17891 /* UnitConverterUITests.swift */,
				A18CE82A1E14AFF100F17891 /* Info.plist */,
			);
			path = UnitConverterUITests;
			sourceTree = "<group>";
		};
/* End PBXGroup section */

/* Begin PBXNativeTarget section */
		A18CE8021E14AFF100F17891 /* UnitConverter */ = {
			isa = PBXNativeTarget;
			buildConfigurationList = A18CE82D1E14AFF100F17891 /* Build configuration list for PBXNativeTarget "UnitConverter" */;
			buildPhases = (
				59208412775421D50EFCAAEF /* [CP] Check Pods Manifest.lock */,
				A18CE7FF1E14AFF100F17891 /* Sources */,
				A18CE8001E14AFF100F17891 /* Frameworks */,
				A18CE8011E14AFF100F17891 /* Resources */,
				9C8BE54B87E79E58DE0B9765 /* [CP] Embed Pods Frameworks */,
				A0A39705D3B769FF5B37B8AC /* [CP] Copy Pods Resources */,
			);
			buildRules = (
			);
			dependencies = (
			);
			name = UnitConverter;
			productName = UnitConverter;
			productReference = A18CE8031E14AFF100F17891 /* UnitConverter.app */;
			productType = "com.apple.product-type.application";
		};
		A18CE8181E14AFF100F17891 /* UnitConverterTests */ = {
			isa = PBXNativeTarget;
			buildConfigurationList = A18CE8301E14AFF100F17891 /* Build configuration list for PBXNativeTarget "UnitConverterTests" */;
			buildPhases = (
				A18CE8151E14AFF100F17891 /* Sources */,
				A18CE8161E14AFF100F17891 /* Frameworks */,
				A18CE8171E14AFF100F17891 /* Resources */,
			);
			buildRules = (
			);
			dependencies = (
				A18CE81B1E14AFF100F17891 /* PBXTargetDependency */,
			);
			name = UnitConverterTests;
			productName = UnitConverterTests;
			productReference = A18CE8191E14AFF100F17891 /* UnitConverterTests.xctest */;
			productType = "com.apple.product-type.bundle.unit-test";
		};
		A18CE8231E14AFF100F17891 /* UnitConverterUITests */ = {
			isa = PBXNativeTarget;
			buildConfigurationList = A18CE8331E14AFF100F17891 /* Build configuration list for PBXNativeTarget "UnitConverterUITests" */;
			buildPhases = (
				A18CE8201E14AFF100F17891 /* Sources */,
				A18CE8211E14AFF100F17891 /* Frameworks */,
				A18CE8221E14AFF100F17891 /* Resources */,
			);
			buildRules = (
			);
			dependencies = (
				A18CE8261E14AFF100F17891 /* PBXTargetDependency */,
			);
			name = UnitConverterUITests;
			productName = UnitConverterUITests;
			productReference = A18CE8241E14AFF100F17891 /* UnitConverterUITests.xctest */;
			productType = "com.apple.product-type.bundle.ui-testing";
		};
/* End PBXNativeTarget section */

/* Begin PBXProject section */
		A18CE7FB1E14AFF100F17891 /* Project object */ = {
			isa = PBXProject;
			attributes = {
				LastSwiftUpdateCheck = 0820;
				LastUpgradeCheck = 0820;
				ORGANIZATIONNAME = "Junhao Xie";
				TargetAttributes = {
					A18CE8021E14AFF100F17891 = {
						CreatedOnToolsVersion = 8.2.1;
						DevelopmentTeam = FX9CLSC33R;
						ProvisioningStyle = Automatic;
					};
					A18CE8181E14AFF100F17891 = {
						CreatedOnToolsVersion = 8.2.1;
						DevelopmentTeam = FX9CLSC33R;
						ProvisioningStyle = Automatic;
						TestTargetID = A18CE8021E14AFF100F17891;
					};
					A18CE8231E14AFF100F17891 = {
						CreatedOnToolsVersion = 8.2.1;
						DevelopmentTeam = FX9CLSC33R;
						ProvisioningStyle = Automatic;
						TestTargetID = A18CE8021E14AFF100F17891;
					};
				};
			};
			buildConfigurationList = A18CE7FE1E14AFF100F17891 /* Build configuration list for PBXProject "UnitConverter" */;
			compatibilityVersion = "Xcode 3.2";
			developmentRegion = English;
			hasScannedForEncodings = 0;
			knownRegions = (
				en,
				Base,
			);
			mainGroup = A18CE7FA1E14AFF100F17891;
			productRefGroup = A18CE8041E14AFF100F17891 /* Products */;
			projectDirPath = "";
			projectRoot = "";
			targets = (
				A18CE8021E14AFF100F17891 /* UnitConverter */,
				A18CE8181E14AFF100F17891 /* UnitConverterTests */,
				A18CE8231E14AFF100F17891 /* UnitConverterUITests */,
			);
		};
/* End PBXProject section */

/* Begin PBXResourcesBuildPhase section */
		A18CE8011E14AFF100F17891 /* Resources */ = {
			isa = PBXResourcesBuildPhase;
			buildActionMask = 2147483647;
			files = (
				A18CE8131E14AFF100F17891 /* LaunchScreen.storyboard in Resources */,
				A1FB02341E1643480076CD3E /* GoogleService-Info.plist in Resources */,
				A18CE8101E14AFF100F17891 /* Assets.xcassets in Resources */,
				A18CE80E1E14AFF100F17891 /* Main.storyboard in Resources */,
			);
			runOnlyForDeploymentPostprocessing = 0;
		};
		A18CE8171E14AFF100F17891 /* Resources */ = {
			isa = PBXResourcesBuildPhase;
			buildActionMask = 2147483647;
			files = (
			);
			runOnlyForDeploymentPostprocessing = 0;
		};
		A18CE8221E14AFF100F17891 /* Resources */ = {
			isa = PBXResourcesBuildPhase;
			buildActionMask = 2147483647;
			files = (
			);
			runOnlyForDeploymentPostprocessing = 0;
		};
/* End PBXResourcesBuildPhase section */

/* Begin PBXShellScriptBuildPhase section */
		59208412775421D50EFCAAEF /* [CP] Check Pods Manifest.lock */ = {
			isa = PBXShellScriptBuildPhase;
			buildActionMask = 2147483647;
			files = (
			);
			inputPaths = (
			);
			name = "[CP] Check Pods Manifest.lock";
			outputPaths = (
			);
			runOnlyForDeploymentPostprocessing = 0;
			shellPath = /bin/sh;
			shellScript = "diff \"${PODS_ROOT}/../Podfile.lock\" \"${PODS_ROOT}/Manifest.lock\" > /dev/null\nif [ $? != 0 ] ; then\n    # print error to STDERR\n    echo \"error: The sandbox is not in sync with the Podfile.lock. Run 'pod install' or update your CocoaPods installation.\" >&2\n    exit 1\nfi\n";
			showEnvVarsInLog = 0;
		};
		9C8BE54B87E79E58DE0B9765 /* [CP] Embed Pods Frameworks */ = {
			isa = PBXShellScriptBuildPhase;
			buildActionMask = 2147483647;
			files = (
			);
			inputPaths = (
			);
			name = "[CP] Embed Pods Frameworks";
			outputPaths = (
			);
			runOnlyForDeploymentPostprocessing = 0;
			shellPath = /bin/sh;
			shellScript = "\"${SRCROOT}/Pods/Target Support Files/Pods-UnitConverter/Pods-UnitConverter-frameworks.sh\"\n";
			showEnvVarsInLog = 0;
		};
		A0A39705D3B769FF5B37B8AC /* [CP] Copy Pods Resources */ = {
			isa = PBXShellScriptBuildPhase;
			buildActionMask = 2147483647;
			files = (
			);
			inputPaths = (
			);
			name = "[CP] Copy Pods Resources";
			outputPaths = (
			);
			runOnlyForDeploymentPostprocessing = 0;
			shellPath = /bin/sh;
			shellScript = "\"${SRCROOT}/Pods/Target Support Files/Pods-UnitConverter/Pods-UnitConverter-resources.sh\"\n";
			showEnvVarsInLog = 0;
		};
/* End PBXShellScriptBuildPhase section */

/* Begin PBXSourcesBuildPhase section */
		A18CE7FF1E14AFF100F17891 /* Sources */ = {
			isa = PBXSourcesBuildPhase;
			buildActionMask = 2147483647;
			files = (
				A18CE8071E14AFF100F17891 /* AppDelegate.swift in Sources */,
				A124906C1E17681C0063C6F7 /* CurrencyViewController.swift in Sources */,
				A160F0431E14CBB6008C3202 /* ChooseUnitTableViewController.swift in Sources */,
				A18CE8381E14B11F00F17891 /* UnitTableViewController.swift in Sources */,
				A124906B1E17681C0063C6F7 /* CurrencyTableViewCell.swift in Sources */,
				A1791E141E16395400A70F45 /* UnitTableViewCell.swift in Sources */,
			);
			runOnlyForDeploymentPostprocessing = 0;
		};
		A18CE8151E14AFF100F17891 /* Sources */ = {
			isa = PBXSourcesBuildPhase;
			buildActionMask = 2147483647;
			files = (
				A18CE81E1E14AFF100F17891 /* UnitConverterTests.swift in Sources */,
			);
			runOnlyForDeploymentPostprocessing = 0;
		};
		A18CE8201E14AFF100F17891 /* Sources */ = {
			isa = PBXSourcesBuildPhase;
			buildActionMask = 2147483647;
			files = (
				A18CE8291E14AFF100F17891 /* UnitConverterUITests.swift in Sources */,
			);
			runOnlyForDeploymentPostprocessing = 0;
		};
/* End PBXSourcesBuildPhase section */

/* Begin PBXTargetDependency section */
		A18CE81B1E14AFF100F17891 /* PBXTargetDependency */ = {
			isa = PBXTargetDependency;
			target = A18CE8021E14AFF100F17891 /* UnitConverter */;
			targetProxy = A18CE81A1E14AFF100F17891 /* PBXContainerItemProxy */;
		};
		A18CE8261E14AFF100F17891 /* PBXTargetDependency */ = {
			isa = PBXTargetDependency;
			target = A18CE8021E14AFF100F17891 /* UnitConverter */;
			targetProxy = A18CE8251E14AFF100F17891 /* PBXContainerItemProxy */;
		};
/* End PBXTargetDependency section */

/* Begin PBXVariantGroup section */
		A18CE80C1E14AFF100F17891 /* Main.storyboard */ = {
			isa = PBXVariantGroup;
			children = (
				A18CE80D1E14AFF100F17891 /* Base */,
			);
			name = Main.storyboard;
			sourceTree = "<group>";
		};
		A18CE8111E14AFF100F17891 /* LaunchScreen.storyboard */ = {
			isa = PBXVariantGroup;
			children = (
				A18CE8121E14AFF100F17891 /* Base */,
			);
			name = LaunchScreen.storyboard;
			sourceTree = "<group>";
		};
/* End PBXVariantGroup section */

/* Begin XCBuildConfiguration section */
		A18CE82B1E14AFF100F17891 /* Debug */ = {
			isa = XCBuildConfiguration;
			buildSettings = {
				ALWAYS_SEARCH_USER_PATHS = NO;
				CLANG_ANALYZER_NONNULL = YES;
				CLANG_CXX_LANGUAGE_STANDARD = "gnu++0x";
				CLANG_CXX_LIBRARY = "libc++";
				CLANG_ENABLE_MODULES = YES;
				CLANG_ENABLE_OBJC_ARC = YES;
				CLANG_WARN_BOOL_CONVERSION = YES;
				CLANG_WARN_CONSTANT_CONVERSION = YES;
				CLANG_WARN_DIRECT_OBJC_ISA_USAGE = YES_ERROR;
				CLANG_WARN_DOCUMENTATION_COMMENTS = YES;
				CLANG_WARN_EMPTY_BODY = YES;
				CLANG_WARN_ENUM_CONVERSION = YES;
				CLANG_WARN_INFINITE_RECURSION = YES;
				CLANG_WARN_INT_CONVERSION = YES;
				CLANG_WARN_OBJC_ROOT_CLASS = YES_ERROR;
				CLANG_WARN_SUSPICIOUS_MOVE = YES;
				CLANG_WARN_UNREACHABLE_CODE = YES;
				CLANG_WARN__DUPLICATE_METHOD_MATCH = YES;
				"CODE_SIGN_IDENTITY[sdk=iphoneos*]" = "iPhone Developer";
				COPY_PHASE_STRIP = NO;
				DEBUG_INFORMATION_FORMAT = dwarf;
				ENABLE_STRICT_OBJC_MSGSEND = YES;
				ENABLE_TESTABILITY = YES;
				GCC_C_LANGUAGE_STANDARD = gnu99;
				GCC_DYNAMIC_NO_PIC = NO;
				GCC_NO_COMMON_BLOCKS = YES;
				GCC_OPTIMIZATION_LEVEL = 0;
				GCC_PREPROCESSOR_DEFINITIONS = (
					"DEBUG=1",
					"$(inherited)",
				);
				GCC_WARN_64_TO_32_BIT_CONVERSION = YES;
				GCC_WARN_ABOUT_RETURN_TYPE = YES_ERROR;
				GCC_WARN_UNDECLARED_SELECTOR = YES;
				GCC_WARN_UNINITIALIZED_AUTOS = YES_AGGRESSIVE;
				GCC_WARN_UNUSED_FUNCTION = YES;
				GCC_WARN_UNUSED_VARIABLE = YES;
				IPHONEOS_DEPLOYMENT_TARGET = 10.2;
				MTL_ENABLE_DEBUG_INFO = YES;
				ONLY_ACTIVE_ARCH = YES;
				SDKROOT = iphoneos;
				SWIFT_ACTIVE_COMPILATION_CONDITIONS = DEBUG;
				SWIFT_OPTIMIZATION_LEVEL = "-Onone";
				TARGETED_DEVICE_FAMILY = "1,2";
			};
			name = Debug;
		};
		A18CE82C1E14AFF100F17891 /* Release */ = {
			isa = XCBuildConfiguration;
			buildSettings = {
				ALWAYS_SEARCH_USER_PATHS = NO;
				CLANG_ANALYZER_NONNULL = YES;
				CLANG_CXX_LANGUAGE_STANDARD = "gnu++0x";
				CLANG_CXX_LIBRARY = "libc++";
				CLANG_ENABLE_MODULES = YES;
				CLANG_ENABLE_OBJC_ARC = YES;
				CLANG_WARN_BOOL_CONVERSION = YES;
				CLANG_WARN_CONSTANT_CONVERSION = YES;
				CLANG_WARN_DIRECT_OBJC_ISA_USAGE = YES_ERROR;
				CLANG_WARN_DOCUMENTATION_COMMENTS = YES;
				CLANG_WARN_EMPTY_BODY = YES;
				CLANG_WARN_ENUM_CONVERSION = YES;
				CLANG_WARN_INFINITE_RECURSION = YES;
				CLANG_WARN_INT_CONVERSION = YES;
				CLANG_WARN_OBJC_ROOT_CLASS = YES_ERROR;
				CLANG_WARN_SUSPICIOUS_MOVE = YES;
				CLANG_WARN_UNREACHABLE_CODE = YES;
				CLANG_WARN__DUPLICATE_METHOD_MATCH = YES;
				"CODE_SIGN_IDENTITY[sdk=iphoneos*]" = "iPhone Developer";
				COPY_PHASE_STRIP = NO;
				DEBUG_INFORMATION_FORMAT = "dwarf-with-dsym";
				ENABLE_NS_ASSERTIONS = NO;
				ENABLE_STRICT_OBJC_MSGSEND = YES;
				GCC_C_LANGUAGE_STANDARD = gnu99;
				GCC_NO_COMMON_BLOCKS = YES;
				GCC_WARN_64_TO_32_BIT_CONVERSION = YES;
				GCC_WARN_ABOUT_RETURN_TYPE = YES_ERROR;
				GCC_WARN_UNDECLARED_SELECTOR = YES;
				GCC_WARN_UNINITIALIZED_AUTOS = YES_AGGRESSIVE;
				GCC_WARN_UNUSED_FUNCTION = YES;
				GCC_WARN_UNUSED_VARIABLE = YES;
				IPHONEOS_DEPLOYMENT_TARGET = 10.2;
				MTL_ENABLE_DEBUG_INFO = NO;
				SDKROOT = iphoneos;
				SWIFT_OPTIMIZATION_LEVEL = "-Owholemodule";
				TARGETED_DEVICE_FAMILY = "1,2";
				VALIDATE_PRODUCT = YES;
			};
			name = Release;
		};
		A18CE82E1E14AFF100F17891 /* Debug */ = {
			isa = XCBuildConfiguration;
			baseConfigurationReference = 02EA252EAEE8441F8327B23F /* Pods-UnitConverter.debug.xcconfig */;
			buildSettings = {
				ASSETCATALOG_COMPILER_APPICON_NAME = AppIcon;
				DEVELOPMENT_TEAM = FX9CLSC33R;
				INFOPLIST_FILE = UnitConverter/Info.plist;
				LD_RUNPATH_SEARCH_PATHS = "$(inherited) @executable_path/Frameworks";
				PRODUCT_BUNDLE_IDENTIFIER = junhaox.UnitConverter;
				PRODUCT_NAME = "$(TARGET_NAME)";
				SWIFT_VERSION = 3.0;
			};
			name = Debug;
		};
		A18CE82F1E14AFF100F17891 /* Release */ = {
			isa = XCBuildConfiguration;
			baseConfigurationReference = 6255A8D206782A3FCB718D73 /* Pods-UnitConverter.release.xcconfig */;
			buildSettings = {
				ASSETCATALOG_COMPILER_APPICON_NAME = AppIcon;
				DEVELOPMENT_TEAM = FX9CLSC33R;
				INFOPLIST_FILE = UnitConverter/Info.plist;
				LD_RUNPATH_SEARCH_PATHS = "$(inherited) @executable_path/Frameworks";
				PRODUCT_BUNDLE_IDENTIFIER = junhaox.UnitConverter;
				PRODUCT_NAME = "$(TARGET_NAME)";
				SWIFT_VERSION = 3.0;
			};
			name = Release;
		};
		A18CE8311E14AFF100F17891 /* Debug */ = {
			isa = XCBuildConfiguration;
			buildSettings = {
				ALWAYS_EMBED_SWIFT_STANDARD_LIBRARIES = YES;
				BUNDLE_LOADER = "$(TEST_HOST)";
				DEVELOPMENT_TEAM = FX9CLSC33R;
				INFOPLIST_FILE = UnitConverterTests/Info.plist;
				LD_RUNPATH_SEARCH_PATHS = "$(inherited) @executable_path/Frameworks @loader_path/Frameworks";
				PRODUCT_BUNDLE_IDENTIFIER = junhaox.UnitConverterTests;
				PRODUCT_NAME = "$(TARGET_NAME)";
				SWIFT_VERSION = 3.0;
				TEST_HOST = "$(BUILT_PRODUCTS_DIR)/UnitConverter.app/UnitConverter";
			};
			name = Debug;
		};
		A18CE8321E14AFF100F17891 /* Release */ = {
			isa = XCBuildConfiguration;
			buildSettings = {
				ALWAYS_EMBED_SWIFT_STANDARD_LIBRARIES = YES;
				BUNDLE_LOADER = "$(TEST_HOST)";
				DEVELOPMENT_TEAM = FX9CLSC33R;
				INFOPLIST_FILE = UnitConverterTests/Info.plist;
				LD_RUNPATH_SEARCH_PATHS = "$(inherited) @executable_path/Frameworks @loader_path/Frameworks";
				PRODUCT_BUNDLE_IDENTIFIER = junhaox.UnitConverterTests;
				PRODUCT_NAME = "$(TARGET_NAME)";
				SWIFT_VERSION = 3.0;
				TEST_HOST = "$(BUILT_PRODUCTS_DIR)/UnitConverter.app/UnitConverter";
			};
			name = Release;
		};
		A18CE8341E14AFF100F17891 /* Debug */ = {
			isa = XCBuildConfiguration;
			buildSettings = {
				ALWAYS_EMBED_SWIFT_STANDARD_LIBRARIES = YES;
				DEVELOPMENT_TEAM = FX9CLSC33R;
				INFOPLIST_FILE = UnitConverterUITests/Info.plist;
				LD_RUNPATH_SEARCH_PATHS = "$(inherited) @executable_path/Frameworks @loader_path/Frameworks";
				PRODUCT_BUNDLE_IDENTIFIER = junhaox.UnitConverterUITests;
				PRODUCT_NAME = "$(TARGET_NAME)";
				SWIFT_VERSION = 3.0;
				TEST_TARGET_NAME = UnitConverter;
			};
			name = Debug;
		};
		A18CE8351E14AFF100F17891 /* Release */ = {
			isa = XCBuildConfiguration;
			buildSettings = {
				ALWAYS_EMBED_SWIFT_STANDARD_LIBRARIES = YES;
				DEVELOPMENT_TEAM = FX9CLSC33R;
				INFOPLIST_FILE = UnitConverterUITests/Info.plist;
				LD_RUNPATH_SEARCH_PATHS = "$(inherited) @executable_path/Frameworks @loader_path/Frameworks";
				PRODUCT_BUNDLE_IDENTIFIER = junhaox.UnitConverterUITests;
				PRODUCT_NAME = "$(TARGET_NAME)";
				SWIFT_VERSION = 3.0;
				TEST_TARGET_NAME = UnitConverter;
			};
			name = Release;
		};
/* End XCBuildConfiguration section */

/* Begin XCConfigurationList section */
		A18CE7FE1E14AFF100F17891 /* Build configuration list for PBXProject "UnitConverter" */ = {
			isa = XCConfigurationList;
			buildConfigurations = (
				A18CE82B1E14AFF100F17891 /* Debug */,
				A18CE82C1E14AFF100F17891 /* Release */,
			);
			defaultConfigurationIsVisible = 0;
			defaultConfigurationName = Release;
		};
		A18CE82D1E14AFF100F17891 /* Build configuration list for PBXNativeTarget "UnitConverter" */ = {
			isa = XCConfigurationList;
			buildConfigurations = (
				A18CE82E1E14AFF100F17891 /* Debug */,
				A18CE82F1E14AFF100F17891 /* Release */,
			);
			defaultConfigurationIsVisible = 0;
			defaultConfigurationName = Release;
		};
		A18CE8301E14AFF100F17891 /* Build configuration list for PBXNativeTarget "UnitConverterTests" */ = {
			isa = XCConfigurationList;
			buildConfigurations = (
				A18CE8311E14AFF100F17891 /* Debug */,
				A18CE8321E14AFF100F17891 /* Release */,
			);
			defaultConfigurationIsVisible = 0;
			defaultConfigurationName = Release;
		};
		A18CE8331E14AFF100F17891 /* Build configuration list for PBXNativeTarget "UnitConverterUITests" */ = {
			isa = XCConfigurationList;
			buildConfigurations = (
				A18CE8341E14AFF100F17891 /* Debug */,
				A18CE8351E14AFF100F17891 /* Release */,
			);
			defaultConfigurationIsVisible = 0;
			defaultConfigurationName = Release;
		};
/* End XCConfigurationList section */
	};
	rootObject = A18CE7FB1E14AFF100F17891 /* Project object */;
}
